
Microsoft Visual Studio Solution File, Format Version 12.00
# Visual Studio Version 17
VisualStudioVersion = 17.5.33516.290
MinimumVisualStudioVersion = 10.0.40219.1
Project("{2150E333-8FDC-42A3-9474-1A3956D46DE8}") = "1.Enterprise Business Rules", "1.Enterprise Business Rules", "{FD0A7A3E-818F-4FDD-8D23-CFEFDB3ED76F}"
EndProject
Project("{2150E333-8FDC-42A3-9474-1A3956D46DE8}") = "2.Application Business Rules", "2.Application Business Rules", "{0BA38D8E-A34B-4859-A85F-52C36FBA4E23}"
EndProject
Project("{2150E333-8FDC-42A3-9474-1A3956D46DE8}") = "3.Interface Adapters", "3.Interface Adapters", "{BC8A4646-D6ED-467B-9BC4-62352EA22C86}"
EndProject
Project("{2150E333-8FDC-42A3-9474-1A3956D46DE8}") = "4.Frameworks y Drivers", "4.Frameworks y Drivers", "{3AD81F8C-2BCE-4F72-841E-616C5FC76078}"
EndProject
Project("{00D1A9C2-B5F0-4AF3-8072-F6C62B433612}") = "Database", "src\Frameworks y Drivers\Database\Database.sqlproj", "{2BD2D0CB-602D-4DBF-937E-34969E393564}"
EndProject
Project("{9A19103F-16F7-4668-BE54-9A1E7A4F7556}") = "Domain", "src\Enterprise Business Rules\Domain\Domain.csproj", "{83DE5D5A-593D-4588-9E4F-CA1C94255655}"
EndProject
Project("{9A19103F-16F7-4668-BE54-9A1E7A4F7556}") = "Application", "src\Application Business Rules\Application\Application.csproj", "{ACC0BB12-E3F7-4E2B-9E65-A69B2AEA8EAE}"
EndProject
Project("{2150E333-8FDC-42A3-9474-1A3956D46DE8}") = "Gateways", "Gateways", "{A1C2AFB4-021F-456A-95B8-64045533438C}"
EndProject
Project("{2150E333-8FDC-42A3-9474-1A3956D46DE8}") = "Presenters", "Presenters", "{DFD8C3A4-0C52-41AB-BE25-C17AC514D6F8}"
EndProject
Project("{9A19103F-16F7-4668-BE54-9A1E7A4F7556}") = "DataAccessEF", "src\Interface Adapters\Gateways\DataAccessEF\DataAccessEF.csproj", "{167259FC-C3F2-49B6-AEE4-2D8F91A58EB4}"
EndProject
Project("{2150E333-8FDC-42A3-9474-1A3956D46DE8}") = "Controllers", "Controllers", "{A934FBBB-1FE2-4C00-8304-B07A3E16FD10}"
EndProject
Project("{9A19103F-16F7-4668-BE54-9A1E7A4F7556}") = "Presenters", "src\Interface Adapters\Presenters\Presenters.csproj", "{37A9F1AE-01D3-48A2-BCD7-F0A73C562E0D}"
EndProject
Project("{9A19103F-16F7-4668-BE54-9A1E7A4F7556}") = "Controllers", "src\Interface Adapters\Controllers\Controllers.csproj", "{7C3D59F5-C144-400C-B859-E487FE61E1DA}"
EndProject
Project("{2150E333-8FDC-42A3-9474-1A3956D46DE8}") = "UIs", "UIs", "{B4A7EE8C-7B66-4363-AF77-C85BF400E5B5}"
EndProject
Project("{9A19103F-16F7-4668-BE54-9A1E7A4F7556}") = "WebApi", "src\Frameworks y Drivers\UIs\WebApi\WebApi.csproj", "{A8D116FC-E995-41EC-8A9B-B29DE716E74B}"
EndProject
Project("{9A19103F-16F7-4668-BE54-9A1E7A4F7556}") = "IoC", "src\Interface Adapters\Gateways\IoC\IoC.csproj", "{D3A16C26-B8D7-438F-AFE9-99D57733EC9B}"
EndProject
Project("{2150E333-8FDC-42A3-9474-1A3956D46DE8}") = "Web", "Web", "{C2B32868-4B0B-4025-9853-7E5B03B1298C}"
EndProject
Project("{54A90642-561A-4BB1-A94E-469ADEE60C69}") = "EmployeeAppAngular", "src\Frameworks y Drivers\Web\EmployeeAppAngular\EmployeeAppAngular.esproj", "{26B04967-369F-4950-A0CB-DE33ADD66002}"
EndProject
Project("{F14B399A-7131-4C87-9E4B-1186C45EF12D}") = "ReportProject", "src\Frameworks y Drivers\Report\ReportProject\ReportProject.rptproj", "{12B5641C-0024-465F-8B9F-C97FE8AA79B7}"
EndProject
Global
	GlobalSection(SolutionConfigurationPlatforms) = preSolution
		Debug|Any CPU = Debug|Any CPU
		DebugLocal|Any CPU = DebugLocal|Any CPU
		Release|Any CPU = Release|Any CPU
	EndGlobalSection
	GlobalSection(ProjectConfigurationPlatforms) = postSolution
		{2BD2D0CB-602D-4DBF-937E-34969E393564}.Debug|Any CPU.ActiveCfg = Debug|Any CPU
		{2BD2D0CB-602D-4DBF-937E-34969E393564}.Debug|Any CPU.Build.0 = Debug|Any CPU
		{2BD2D0CB-602D-4DBF-937E-34969E393564}.Debug|Any CPU.Deploy.0 = Debug|Any CPU
		{2BD2D0CB-602D-4DBF-937E-34969E393564}.DebugLocal|Any CPU.ActiveCfg = Debug|Any CPU
		{2BD2D0CB-602D-4DBF-937E-34969E393564}.DebugLocal|Any CPU.Build.0 = Debug|Any CPU
		{2BD2D0CB-602D-4DBF-937E-34969E393564}.DebugLocal|Any CPU.Deploy.0 = Debug|Any CPU
		{2BD2D0CB-602D-4DBF-937E-34969E393564}.Release|Any CPU.ActiveCfg = Release|Any CPU
		{2BD2D0CB-602D-4DBF-937E-34969E393564}.Release|Any CPU.Build.0 = Release|Any CPU
		{2BD2D0CB-602D-4DBF-937E-34969E393564}.Release|Any CPU.Deploy.0 = Release|Any CPU
		{83DE5D5A-593D-4588-9E4F-CA1C94255655}.Debug|Any CPU.ActiveCfg = Debug|Any CPU
		{83DE5D5A-593D-4588-9E4F-CA1C94255655}.Debug|Any CPU.Build.0 = Debug|Any CPU
		{83DE5D5A-593D-4588-9E4F-CA1C94255655}.DebugLocal|Any CPU.ActiveCfg = Debug|Any CPU
		{83DE5D5A-593D-4588-9E4F-CA1C94255655}.DebugLocal|Any CPU.Build.0 = Debug|Any CPU
		{83DE5D5A-593D-4588-9E4F-CA1C94255655}.Release|Any CPU.ActiveCfg = Release|Any CPU
		{83DE5D5A-593D-4588-9E4F-CA1C94255655}.Release|Any CPU.Build.0 = Release|Any CPU
		{ACC0BB12-E3F7-4E2B-9E65-A69B2AEA8EAE}.Debug|Any CPU.ActiveCfg = Debug|Any CPU
		{ACC0BB12-E3F7-4E2B-9E65-A69B2AEA8EAE}.Debug|Any CPU.Build.0 = Debug|Any CPU
		{ACC0BB12-E3F7-4E2B-9E65-A69B2AEA8EAE}.DebugLocal|Any CPU.ActiveCfg = Debug|Any CPU
		{ACC0BB12-E3F7-4E2B-9E65-A69B2AEA8EAE}.DebugLocal|Any CPU.Build.0 = Debug|Any CPU
		{ACC0BB12-E3F7-4E2B-9E65-A69B2AEA8EAE}.Release|Any CPU.ActiveCfg = Release|Any CPU
		{ACC0BB12-E3F7-4E2B-9E65-A69B2AEA8EAE}.Release|Any CPU.Build.0 = Release|Any CPU
		{167259FC-C3F2-49B6-AEE4-2D8F91A58EB4}.Debug|Any CPU.ActiveCfg = Debug|Any CPU
		{167259FC-C3F2-49B6-AEE4-2D8F91A58EB4}.Debug|Any CPU.Build.0 = Debug|Any CPU
		{167259FC-C3F2-49B6-AEE4-2D8F91A58EB4}.DebugLocal|Any CPU.ActiveCfg = Debug|Any CPU
		{167259FC-C3F2-49B6-AEE4-2D8F91A58EB4}.DebugLocal|Any CPU.Build.0 = Debug|Any CPU
		{167259FC-C3F2-49B6-AEE4-2D8F91A58EB4}.Release|Any CPU.ActiveCfg = Release|Any CPU
		{167259FC-C3F2-49B6-AEE4-2D8F91A58EB4}.Release|Any CPU.Build.0 = Release|Any CPU
		{37A9F1AE-01D3-48A2-BCD7-F0A73C562E0D}.Debug|Any CPU.ActiveCfg = Debug|Any CPU
		{37A9F1AE-01D3-48A2-BCD7-F0A73C562E0D}.Debug|Any CPU.Build.0 = Debug|Any CPU
		{37A9F1AE-01D3-48A2-BCD7-F0A73C562E0D}.DebugLocal|Any CPU.ActiveCfg = Debug|Any CPU
		{37A9F1AE-01D3-48A2-BCD7-F0A73C562E0D}.DebugLocal|Any CPU.Build.0 = Debug|Any CPU
		{37A9F1AE-01D3-48A2-BCD7-F0A73C562E0D}.Release|Any CPU.ActiveCfg = Release|Any CPU
		{37A9F1AE-01D3-48A2-BCD7-F0A73C562E0D}.Release|Any CPU.Build.0 = Release|Any CPU
		{7C3D59F5-C144-400C-B859-E487FE61E1DA}.Debug|Any CPU.ActiveCfg = Debug|Any CPU
		{7C3D59F5-C144-400C-B859-E487FE61E1DA}.Debug|Any CPU.Build.0 = Debug|Any CPU
		{7C3D59F5-C144-400C-B859-E487FE61E1DA}.DebugLocal|Any CPU.ActiveCfg = Debug|Any CPU
		{7C3D59F5-C144-400C-B859-E487FE61E1DA}.DebugLocal|Any CPU.Build.0 = Debug|Any CPU
		{7C3D59F5-C144-400C-B859-E487FE61E1DA}.Release|Any CPU.ActiveCfg = Release|Any CPU
		{7C3D59F5-C144-400C-B859-E487FE61E1DA}.Release|Any CPU.Build.0 = Release|Any CPU
		{A8D116FC-E995-41EC-8A9B-B29DE716E74B}.Debug|Any CPU.ActiveCfg = Debug|Any CPU
		{A8D116FC-E995-41EC-8A9B-B29DE716E74B}.Debug|Any CPU.Build.0 = Debug|Any CPU
		{A8D116FC-E995-41EC-8A9B-B29DE716E74B}.DebugLocal|Any CPU.ActiveCfg = Debug|Any CPU
		{A8D116FC-E995-41EC-8A9B-B29DE716E74B}.DebugLocal|Any CPU.Build.0 = Debug|Any CPU
		{A8D116FC-E995-41EC-8A9B-B29DE716E74B}.Release|Any CPU.ActiveCfg = Release|Any CPU
		{A8D116FC-E995-41EC-8A9B-B29DE716E74B}.Release|Any CPU.Build.0 = Release|Any CPU
		{D3A16C26-B8D7-438F-AFE9-99D57733EC9B}.Debug|Any CPU.ActiveCfg = Debug|Any CPU
		{D3A16C26-B8D7-438F-AFE9-99D57733EC9B}.Debug|Any CPU.Build.0 = Debug|Any CPU
		{D3A16C26-B8D7-438F-AFE9-99D57733EC9B}.DebugLocal|Any CPU.ActiveCfg = Debug|Any CPU
		{D3A16C26-B8D7-438F-AFE9-99D57733EC9B}.DebugLocal|Any CPU.Build.0 = Debug|Any CPU
		{D3A16C26-B8D7-438F-AFE9-99D57733EC9B}.Release|Any CPU.ActiveCfg = Release|Any CPU
		{D3A16C26-B8D7-438F-AFE9-99D57733EC9B}.Release|Any CPU.Build.0 = Release|Any CPU
		{26B04967-369F-4950-A0CB-DE33ADD66002}.Debug|Any CPU.ActiveCfg = Debug|Any CPU
		{26B04967-369F-4950-A0CB-DE33ADD66002}.Debug|Any CPU.Build.0 = Debug|Any CPU
		{26B04967-369F-4950-A0CB-DE33ADD66002}.Debug|Any CPU.Deploy.0 = Debug|Any CPU
		{26B04967-369F-4950-A0CB-DE33ADD66002}.DebugLocal|Any CPU.ActiveCfg = Debug|Any CPU
		{26B04967-369F-4950-A0CB-DE33ADD66002}.DebugLocal|Any CPU.Build.0 = Debug|Any CPU
		{26B04967-369F-4950-A0CB-DE33ADD66002}.DebugLocal|Any CPU.Deploy.0 = Debug|Any CPU
		{26B04967-369F-4950-A0CB-DE33ADD66002}.Release|Any CPU.ActiveCfg = Release|Any CPU
		{26B04967-369F-4950-A0CB-DE33ADD66002}.Release|Any CPU.Build.0 = Release|Any CPU
		{26B04967-369F-4950-A0CB-DE33ADD66002}.Release|Any CPU.Deploy.0 = Release|Any CPU
		{12B5641C-0024-465F-8B9F-C97FE8AA79B7}.Debug|Any CPU.ActiveCfg = Debug
		{12B5641C-0024-465F-8B9F-C97FE8AA79B7}.Debug|Any CPU.Build.0 = Debug
		{12B5641C-0024-465F-8B9F-C97FE8AA79B7}.Debug|Any CPU.Deploy.0 = Debug
		{12B5641C-0024-465F-8B9F-C97FE8AA79B7}.DebugLocal|Any CPU.ActiveCfg = DebugLocal
		{12B5641C-0024-465F-8B9F-C97FE8AA79B7}.DebugLocal|Any CPU.Build.0 = DebugLocal
		{12B5641C-0024-465F-8B9F-C97FE8AA79B7}.Release|Any CPU.ActiveCfg = Release
		{12B5641C-0024-465F-8B9F-C97FE8AA79B7}.Release|Any CPU.Build.0 = Release
		{12B5641C-0024-465F-8B9F-C97FE8AA79B7}.Release|Any CPU.Deploy.0 = Release
	EndGlobalSection
	GlobalSection(SolutionProperties) = preSolution
		HideSolutionNode = FALSE
	EndGlobalSection
	GlobalSection(NestedProjects) = preSolution
		{2BD2D0CB-602D-4DBF-937E-34969E393564} = {3AD81F8C-2BCE-4F72-841E-616C5FC76078}
		{83DE5D5A-593D-4588-9E4F-CA1C94255655} = {FD0A7A3E-818F-4FDD-8D23-CFEFDB3ED76F}
		{ACC0BB12-E3F7-4E2B-9E65-A69B2AEA8EAE} = {0BA38D8E-A34B-4859-A85F-52C36FBA4E23}
		{A1C2AFB4-021F-456A-95B8-64045533438C} = {BC8A4646-D6ED-467B-9BC4-62352EA22C86}
		{DFD8C3A4-0C52-41AB-BE25-C17AC514D6F8} = {BC8A4646-D6ED-467B-9BC4-62352EA22C86}
		{167259FC-C3F2-49B6-AEE4-2D8F91A58EB4} = {A1C2AFB4-021F-456A-95B8-64045533438C}
		{A934FBBB-1FE2-4C00-8304-B07A3E16FD10} = {BC8A4646-D6ED-467B-9BC4-62352EA22C86}
		{37A9F1AE-01D3-48A2-BCD7-F0A73C562E0D} = {DFD8C3A4-0C52-41AB-BE25-C17AC514D6F8}
		{7C3D59F5-C144-400C-B859-E487FE61E1DA} = {A934FBBB-1FE2-4C00-8304-B07A3E16FD10}
		{B4A7EE8C-7B66-4363-AF77-C85BF400E5B5} = {3AD81F8C-2BCE-4F72-841E-616C5FC76078}
		{A8D116FC-E995-41EC-8A9B-B29DE716E74B} = {B4A7EE8C-7B66-4363-AF77-C85BF400E5B5}
		{D3A16C26-B8D7-438F-AFE9-99D57733EC9B} = {A1C2AFB4-021F-456A-95B8-64045533438C}
		{C2B32868-4B0B-4025-9853-7E5B03B1298C} = {3AD81F8C-2BCE-4F72-841E-616C5FC76078}
		{26B04967-369F-4950-A0CB-DE33ADD66002} = {C2B32868-4B0B-4025-9853-7E5B03B1298C}
		{12B5641C-0024-465F-8B9F-C97FE8AA79B7} = {3AD81F8C-2BCE-4F72-841E-616C5FC76078}
	EndGlobalSection
	GlobalSection(ExtensibilityGlobals) = postSolution
		SolutionGuid = {853AB171-A476-4D7B-894C-F8E751689C4F}
	EndGlobalSection
EndGlobal
